
Microsoft Visual Studio Solution File, Format Version 12.00
# Visual Studio 2013
VisualStudioVersion = 12.0.30501.0
MinimumVisualStudioVersion = 10.0.40219.1
Project("{8BC9CEB8-8B4A-11D0-8D11-00A0C91BC942}") = "AdbWinApi", "usb\api\AdbWinApi.vcxproj", "{72C58933-B166-47B6-B7F8-61135AF54711}"
EndProject
Project("{8BC9CEB8-8B4A-11D0-8D11-00A0C91BC942}") = "AdbWinUsbApi", "usb\winusb\AdbWinUsbApi.vcxproj", "{E1B0D87B-370B-4D52-9BCF-AFD88CE42BC8}"
EndProject
Project("{8BC9CEB8-8B4A-11D0-8D11-00A0C91BC942}") = "adb", "adb\adb.vcxproj", "{9E8AE54A-B735-49E1-A4BF-EB37FA700213}"
EndProject
Global
	GlobalSection(SolutionConfigurationPlatforms) = preSolution
		Debug|Win32 = Debug|Win32
		Release|Win32 = Release|Win32
	EndGlobalSection
	GlobalSection(ProjectConfigurationPlatforms) = postSolution
		{72C58933-B166-47B6-B7F8-61135AF54711}.Debug|Win32.ActiveCfg = Debug|Win32
		{72C58933-B166-47B6-B7F8-61135AF54711}.Debug|Win32.Build.0 = Debug|Win32
		{72C58933-B166-47B6-B7F8-61135AF54711}.Release|Win32.ActiveCfg = Release|Win32
		{72C58933-B166-47B6-B7F8-61135AF54711}.Release|Win32.Build.0 = Release|Win32
		{E1B0D87B-370B-4D52-9BCF-AFD88CE42BC8}.Debug|Win32.ActiveCfg = Debug|Win32
		{E1B0D87B-370B-4D52-9BCF-AFD88CE42BC8}.Debug|Win32.Build.0 = Debug|Win32
		{E1B0D87B-370B-4D52-9BCF-AFD88CE42BC8}.Release|Win32.ActiveCfg = Release|Win32
		{E1B0D87B-370B-4D52-9BCF-AFD88CE42BC8}.Release|Win32.Build.0 = Release|Win32
		{9E8AE54A-B735-49E1-A4BF-EB37FA700213}.Debug|Win32.ActiveCfg = Debug|Win32
		{9E8AE54A-B735-49E1-A4BF-EB37FA700213}.Debug|Win32.Build.0 = Debug|Win32
		{9E8AE54A-B735-49E1-A4BF-EB37FA700213}.Release|Win32.ActiveCfg = Release|Win32
		{9E8AE54A-B735-49E1-A4BF-EB37FA700213}.Release|Win32.Build.0 = Release|Win32
	EndGlobalSection
	GlobalSection(SolutionProperties) = preSolution
		HideSolutionNode = FALSE
	EndGlobalSection
EndGlobal
