
Microsoft Visual Studio Solution File, Format Version 12.00
# Visual Studio 2013
VisualStudioVersion = 12.0.30501.0
MinimumVisualStudioVersion = 10.0.40219.1
Project("{8BC9CEB8-8B4A-11D0-8D11-00A0C91BC942}") = "AdbWinApi", "usb\api\AdbWinApi.vcxproj", "{72C58933-B166-47B6-B7F8-61135AF54711}"
EndProject
Project("{8BC9CEB8-8B4A-11D0-8D11-00A0C91BC942}") = "AdbWinUsbApi", "usb\winusb\AdbWinUsbApi.vcxproj", "{E1B0D87B-370B-4D52-9BCF-AFD88CE42BC8}"
EndProject
Project("{8BC9CEB8-8B4A-11D0-8D11-00A0C91BC942}") = "adb", "adb\adb.vcxproj", "{9E8AE54A-B735-49E1-A4BF-EB37FA700213}"
EndProject
Project("{8BC9CEB8-8B4A-11D0-8D11-00A0C91BC942}") = "AdbHelper", "AdbHelper\AdbHelper.vcxproj", "{7B559938-60C4-4A03-844C-06A11E309D47}"
EndProject
Project("{8BC9CEB8-8B4A-11D0-8D11-00A0C91BC942}") = "TestServer", "TestServer\TestServer.vcxproj", "{4AAF5ABE-F7DB-4490-AEB6-14F0F40D0E0E}"
EndProject
Project("{8BC9CEB8-8B4A-11D0-8D11-00A0C91BC942}") = "TestClient", "TestClient\TestClient.vcxproj", "{BFD0D6A3-426B-42CC-9DFD-E295D629DC4A}"
EndProject
Project("{8BC9CEB8-8B4A-11D0-8D11-00A0C91BC942}") = "LibUrlFetcher", "LibUrlFetcher\LibUrlFetcher.vcxproj", "{D490AD87-DCE0-4AD4-9DC7-6BBC48464F35}"
EndProject
Global
	GlobalSection(SolutionConfigurationPlatforms) = preSolution
		Debug|Win32 = Debug|Win32
		Release|Win32 = Release|Win32
	EndGlobalSection
	GlobalSection(ProjectConfigurationPlatforms) = postSolution
		{72C58933-B166-47B6-B7F8-61135AF54711}.Debug|Win32.ActiveCfg = Debug|Win32
		{72C58933-B166-47B6-B7F8-61135AF54711}.Debug|Win32.Build.0 = Debug|Win32
		{72C58933-B166-47B6-B7F8-61135AF54711}.Release|Win32.ActiveCfg = Release|Win32
		{72C58933-B166-47B6-B7F8-61135AF54711}.Release|Win32.Build.0 = Release|Win32
		{E1B0D87B-370B-4D52-9BCF-AFD88CE42BC8}.Debug|Win32.ActiveCfg = Debug|Win32
		{E1B0D87B-370B-4D52-9BCF-AFD88CE42BC8}.Debug|Win32.Build.0 = Debug|Win32
		{E1B0D87B-370B-4D52-9BCF-AFD88CE42BC8}.Release|Win32.ActiveCfg = Release|Win32
		{E1B0D87B-370B-4D52-9BCF-AFD88CE42BC8}.Release|Win32.Build.0 = Release|Win32
		{9E8AE54A-B735-49E1-A4BF-EB37FA700213}.Debug|Win32.ActiveCfg = Debug|Win32
		{9E8AE54A-B735-49E1-A4BF-EB37FA700213}.Debug|Win32.Build.0 = Debug|Win32
		{9E8AE54A-B735-49E1-A4BF-EB37FA700213}.Release|Win32.ActiveCfg = Release|Win32
		{9E8AE54A-B735-49E1-A4BF-EB37FA700213}.Release|Win32.Build.0 = Release|Win32
		{7B559938-60C4-4A03-844C-06A11E309D47}.Debug|Win32.ActiveCfg = Debug|Win32
		{7B559938-60C4-4A03-844C-06A11E309D47}.Debug|Win32.Build.0 = Debug|Win32
		{7B559938-60C4-4A03-844C-06A11E309D47}.Release|Win32.ActiveCfg = Release|Win32
		{7B559938-60C4-4A03-844C-06A11E309D47}.Release|Win32.Build.0 = Release|Win32
		{4AAF5ABE-F7DB-4490-AEB6-14F0F40D0E0E}.Debug|Win32.ActiveCfg = Debug|Win32
		{4AAF5ABE-F7DB-4490-AEB6-14F0F40D0E0E}.Debug|Win32.Build.0 = Debug|Win32
		{4AAF5ABE-F7DB-4490-AEB6-14F0F40D0E0E}.Release|Win32.ActiveCfg = Release|Win32
		{4AAF5ABE-F7DB-4490-AEB6-14F0F40D0E0E}.Release|Win32.Build.0 = Release|Win32
		{BFD0D6A3-426B-42CC-9DFD-E295D629DC4A}.Debug|Win32.ActiveCfg = Debug|Win32
		{BFD0D6A3-426B-42CC-9DFD-E295D629DC4A}.Debug|Win32.Build.0 = Debug|Win32
		{BFD0D6A3-426B-42CC-9DFD-E295D629DC4A}.Release|Win32.ActiveCfg = Release|Win32
		{BFD0D6A3-426B-42CC-9DFD-E295D629DC4A}.Release|Win32.Build.0 = Release|Win32
		{D490AD87-DCE0-4AD4-9DC7-6BBC48464F35}.Debug|Win32.ActiveCfg = Debug|Win32
		{D490AD87-DCE0-4AD4-9DC7-6BBC48464F35}.Debug|Win32.Build.0 = Debug|Win32
		{D490AD87-DCE0-4AD4-9DC7-6BBC48464F35}.Release|Win32.ActiveCfg = Release|Win32
		{D490AD87-DCE0-4AD4-9DC7-6BBC48464F35}.Release|Win32.Build.0 = Release|Win32
	EndGlobalSection
	GlobalSection(SolutionProperties) = preSolution
		HideSolutionNode = FALSE
	EndGlobalSection
EndGlobal
